
Microsoft Visual Studio Solution File, Format Version 12.00
# Visual Studio Version 17
VisualStudioVersion = 17.7.34009.444
MinimumVisualStudioVersion = 10.0.40219.1
Project("{9A19103F-16F7-4668-BE54-9A1E7A4F7556}") = "MycoStore.Server", "MycoStore\Server\MycoStore.Server.csproj", "{BE04B6C1-FC22-4B6E-A543-51692FC2B598}"
EndProject
Project("{9A19103F-16F7-4668-BE54-9A1E7A4F7556}") = "MycoStore.Client", "MycoStore\Client\MycoStore.Client.csproj", "{D2299124-CCE5-4549-A458-926E1179F8A1}"
EndProject
Project("{9A19103F-16F7-4668-BE54-9A1E7A4F7556}") = "MycoStore.Shared", "MycoStore\Shared\MycoStore.Shared.csproj", "{7D56E6B6-FFA8-4386-9CFC-FB9D8D00CDF8}"
EndProject
Global
	GlobalSection(SolutionConfigurationPlatforms) = preSolution
		Debug|Any CPU = Debug|Any CPU
		Release|Any CPU = Release|Any CPU
	EndGlobalSection
	GlobalSection(ProjectConfigurationPlatforms) = postSolution
		{BE04B6C1-FC22-4B6E-A543-51692FC2B598}.Debug|Any CPU.ActiveCfg = Debug|Any CPU
		{BE04B6C1-FC22-4B6E-A543-51692FC2B598}.Debug|Any CPU.Build.0 = Debug|Any CPU
		{BE04B6C1-FC22-4B6E-A543-51692FC2B598}.Release|Any CPU.ActiveCfg = Release|Any CPU
		{BE04B6C1-FC22-4B6E-A543-51692FC2B598}.Release|Any CPU.Build.0 = Release|Any CPU
		{D2299124-CCE5-4549-A458-926E1179F8A1}.Debug|Any CPU.ActiveCfg = Debug|Any CPU
		{D2299124-CCE5-4549-A458-926E1179F8A1}.Debug|Any CPU.Build.0 = Debug|Any CPU
		{D2299124-CCE5-4549-A458-926E1179F8A1}.Release|Any CPU.ActiveCfg = Release|Any CPU
		{D2299124-CCE5-4549-A458-926E1179F8A1}.Release|Any CPU.Build.0 = Release|Any CPU
		{7D56E6B6-FFA8-4386-9CFC-FB9D8D00CDF8}.Debug|Any CPU.ActiveCfg = Debug|Any CPU
		{7D56E6B6-FFA8-4386-9CFC-FB9D8D00CDF8}.Debug|Any CPU.Build.0 = Debug|Any CPU
		{7D56E6B6-FFA8-4386-9CFC-FB9D8D00CDF8}.Release|Any CPU.ActiveCfg = Release|Any CPU
		{7D56E6B6-FFA8-4386-9CFC-FB9D8D00CDF8}.Release|Any CPU.Build.0 = Release|Any CPU
	EndGlobalSection
	GlobalSection(SolutionProperties) = preSolution
		HideSolutionNode = FALSE
	EndGlobalSection
	GlobalSection(ExtensibilityGlobals) = postSolution
		SolutionGuid = {32AC8D54-3FB0-425C-8AFE-21DC107ADF80}
	EndGlobalSection
EndGlobal
